
Microsoft Visual Studio Solution File, Format Version 12.00
# Visual Studio Version 17
VisualStudioVersion = 17.9.34728.123
MinimumVisualStudioVersion = 10.0.40219.1
Project("{FAE04EC0-301F-11D3-BF4B-00C04F79EFBC}") = "CarApp2", "CarApp2\CarApp2.csproj", "{49603254-A9D1-41B2-AB2D-5069366F93A2}"
EndProject
Global
	GlobalSection(SolutionConfigurationPlatforms) = preSolution
		Debug|Any CPU = Debug|Any CPU
		Release|Any CPU = Release|Any CPU
	EndGlobalSection
	GlobalSection(ProjectConfigurationPlatforms) = postSolution
		{49603254-A9D1-41B2-AB2D-5069366F93A2}.Debug|Any CPU.ActiveCfg = Debug|Any CPU
		{49603254-A9D1-41B2-AB2D-5069366F93A2}.Debug|Any CPU.Build.0 = Debug|Any CPU
		{49603254-A9D1-41B2-AB2D-5069366F93A2}.Release|Any CPU.ActiveCfg = Release|Any CPU
		{49603254-A9D1-41B2-AB2D-5069366F93A2}.Release|Any CPU.Build.0 = Release|Any CPU
	EndGlobalSection
	GlobalSection(SolutionProperties) = preSolution
		HideSolutionNode = FALSE
	EndGlobalSection
	GlobalSection(ExtensibilityGlobals) = postSolution
		SolutionGuid = {A3C3FDE4-1EF4-4CE7-92D8-E85A41738A76}
	EndGlobalSection
EndGlobal
